
Microsoft Visual Studio Solution File, Format Version 12.00
# Visual Studio Version 17
VisualStudioVersion = 17.11.35327.3
MinimumVisualStudioVersion = 10.0.40219.1
Project("{9A19103F-16F7-4668-BE54-9A1E7A4F7556}") = "TeaCapstone", "TeaCapstone.csproj", "{57850085-F825-46DC-9ACB-BA0E9EC66C68}"
EndProject
Project("{FAE04EC0-301F-11D3-BF4B-00C04F79EFBC}") = "TeaCapstoneTests", "..\TeaCapstoneTests\TeaCapstoneTests.csproj", "{F001B7D7-3A46-4193-8539-869E3B756AB7}"
EndProject
Global
	GlobalSection(SolutionConfigurationPlatforms) = preSolution
		Debug|Any CPU = Debug|Any CPU
		Release|Any CPU = Release|Any CPU
	EndGlobalSection
	GlobalSection(ProjectConfigurationPlatforms) = postSolution
		{57850085-F825-46DC-9ACB-BA0E9EC66C68}.Debug|Any CPU.ActiveCfg = Debug|Any CPU
		{57850085-F825-46DC-9ACB-BA0E9EC66C68}.Debug|Any CPU.Build.0 = Debug|Any CPU
		{57850085-F825-46DC-9ACB-BA0E9EC66C68}.Release|Any CPU.ActiveCfg = Release|Any CPU
		{57850085-F825-46DC-9ACB-BA0E9EC66C68}.Release|Any CPU.Build.0 = Release|Any CPU
		{F001B7D7-3A46-4193-8539-869E3B756AB7}.Debug|Any CPU.ActiveCfg = Debug|Any CPU
		{F001B7D7-3A46-4193-8539-869E3B756AB7}.Debug|Any CPU.Build.0 = Debug|Any CPU
		{F001B7D7-3A46-4193-8539-869E3B756AB7}.Release|Any CPU.ActiveCfg = Release|Any CPU
		{F001B7D7-3A46-4193-8539-869E3B756AB7}.Release|Any CPU.Build.0 = Release|Any CPU
	EndGlobalSection
	GlobalSection(SolutionProperties) = preSolution
		HideSolutionNode = FALSE
	EndGlobalSection
	GlobalSection(ExtensibilityGlobals) = postSolution
		SolutionGuid = {2A50017C-58B2-4C02-9989-660E76A62F29}
	EndGlobalSection
EndGlobal
